
Microsoft Visual Studio Solution File, Format Version 12.00
# Visual Studio 14
VisualStudioVersion = 14.0.25420.1
MinimumVisualStudioVersion = 10.0.40219.1
Project("{FAE04EC0-301F-11D3-BF4B-00C04F79EFBC}") = "Avenue.Core", "Avenue.Core\Avenue.Core.csproj", "{E20766A4-4984-4954-AF73-EB70321F89D2}"
EndProject
Project("{FAE04EC0-301F-11D3-BF4B-00C04F79EFBC}") = "Avenue.InfraStructure", "Avenue.InfraStructure\Avenue.InfraStructure.csproj", "{BC7DC443-B64E-432E-BB58-EBB2B6361DA2}"
EndProject
Project("{FAE04EC0-301F-11D3-BF4B-00C04F79EFBC}") = "Avenue.DTO", "Avenue.DTO\Avenue.DTO.csproj", "{C2AC0A00-29A8-4939-B743-3C84956E915F}"
EndProject
Project("{FAE04EC0-301F-11D3-BF4B-00C04F79EFBC}") = "Avenue.Admin", "Avenue.Admin\Avenue.Admin.csproj", "{58EA4DED-372F-4353-B96D-B2D1BCBB6F33}"
EndProject
Project("{FAE04EC0-301F-11D3-BF4B-00C04F79EFBC}") = "Utility", "..\..\..\..\Desktop\Mantra\Utility\Utility.csproj", "{E73DF667-540C-422D-9794-FFE9A819CC31}"
EndProject
Project("{FAE04EC0-301F-11D3-BF4B-00C04F79EFBC}") = "Avenue.Service.Contract", "AvenueService\Avenue.Service.Contract.csproj", "{44382204-75D3-4C04-BCDB-D6AE94468455}"
EndProject
Project("{FAE04EC0-301F-11D3-BF4B-00C04F79EFBC}") = "Avenue.Service", "Avenu.Service\Avenue.Service.csproj", "{34199EBF-5DF1-4CF3-95A9-473BBC06E154}"
EndProject
Project("{2150E333-8FDC-42A3-9474-1A3956D46DE8}") = "Sevices", "Sevices", "{CABA6CA3-E774-4551-9DFE-91FB83F85C9C}"
EndProject
Project("{2150E333-8FDC-42A3-9474-1A3956D46DE8}") = "Data", "Data", "{4A9E8170-3C2F-402F-8EA6-9931D97A245E}"
EndProject
Project("{2150E333-8FDC-42A3-9474-1A3956D46DE8}") = "UI", "UI", "{776BB0DF-2E11-408A-9E1F-C1497D835186}"
EndProject
Project("{2150E333-8FDC-42A3-9474-1A3956D46DE8}") = "Uitility", "Uitility", "{6DE73CED-303F-4E1B-B235-6B1570263136}"
EndProject
Project("{FAE04EC0-301F-11D3-BF4B-00C04F79EFBC}") = "Avenu.Repository", "Repository\Avenu.Repository.csproj", "{9C70E2AB-1B4D-466D-8182-2DA32E48017F}"
EndProject
Project("{2150E333-8FDC-42A3-9474-1A3956D46DE8}") = "Repo", "Repo", "{3C532C97-E930-4BC5-B862-1FE00016EE27}"
EndProject
Project("{FAE04EC0-301F-11D3-BF4B-00C04F79EFBC}") = "Avenue.ViewModels", "Avenue.ViewModels\Avenue.ViewModels.csproj", "{FD144072-1239-44BF-BE24-AD1A320C9061}"
EndProject
Project("{2150E333-8FDC-42A3-9474-1A3956D46DE8}") = "IdentityConfig", "IdentityConfig", "{EF3D81B0-AEDA-4317-9752-EB72E123E43A}"
EndProject
Project("{FAE04EC0-301F-11D3-BF4B-00C04F79EFBC}") = "UserIdentity.Config", "UserIdentity.Config\UserIdentity.Config.csproj", "{D7ACA852-CFE8-47D5-AFAB-509AFF1D01CC}"
EndProject
Global
	GlobalSection(SolutionConfigurationPlatforms) = preSolution
		Debug|Any CPU = Debug|Any CPU
		Release|Any CPU = Release|Any CPU
	EndGlobalSection
	GlobalSection(ProjectConfigurationPlatforms) = postSolution
		{E20766A4-4984-4954-AF73-EB70321F89D2}.Debug|Any CPU.ActiveCfg = Debug|Any CPU
		{E20766A4-4984-4954-AF73-EB70321F89D2}.Debug|Any CPU.Build.0 = Debug|Any CPU
		{E20766A4-4984-4954-AF73-EB70321F89D2}.Release|Any CPU.ActiveCfg = Release|Any CPU
		{E20766A4-4984-4954-AF73-EB70321F89D2}.Release|Any CPU.Build.0 = Release|Any CPU
		{BC7DC443-B64E-432E-BB58-EBB2B6361DA2}.Debug|Any CPU.ActiveCfg = Debug|Any CPU
		{BC7DC443-B64E-432E-BB58-EBB2B6361DA2}.Debug|Any CPU.Build.0 = Debug|Any CPU
		{BC7DC443-B64E-432E-BB58-EBB2B6361DA2}.Release|Any CPU.ActiveCfg = Release|Any CPU
		{BC7DC443-B64E-432E-BB58-EBB2B6361DA2}.Release|Any CPU.Build.0 = Release|Any CPU
		{C2AC0A00-29A8-4939-B743-3C84956E915F}.Debug|Any CPU.ActiveCfg = Debug|Any CPU
		{C2AC0A00-29A8-4939-B743-3C84956E915F}.Debug|Any CPU.Build.0 = Debug|Any CPU
		{C2AC0A00-29A8-4939-B743-3C84956E915F}.Release|Any CPU.ActiveCfg = Release|Any CPU
		{C2AC0A00-29A8-4939-B743-3C84956E915F}.Release|Any CPU.Build.0 = Release|Any CPU
		{58EA4DED-372F-4353-B96D-B2D1BCBB6F33}.Debug|Any CPU.ActiveCfg = Debug|Any CPU
		{58EA4DED-372F-4353-B96D-B2D1BCBB6F33}.Debug|Any CPU.Build.0 = Debug|Any CPU
		{58EA4DED-372F-4353-B96D-B2D1BCBB6F33}.Release|Any CPU.ActiveCfg = Release|Any CPU
		{58EA4DED-372F-4353-B96D-B2D1BCBB6F33}.Release|Any CPU.Build.0 = Release|Any CPU
		{E73DF667-540C-422D-9794-FFE9A819CC31}.Debug|Any CPU.ActiveCfg = Debug|Any CPU
		{E73DF667-540C-422D-9794-FFE9A819CC31}.Debug|Any CPU.Build.0 = Debug|Any CPU
		{E73DF667-540C-422D-9794-FFE9A819CC31}.Release|Any CPU.ActiveCfg = Release|Any CPU
		{E73DF667-540C-422D-9794-FFE9A819CC31}.Release|Any CPU.Build.0 = Release|Any CPU
		{44382204-75D3-4C04-BCDB-D6AE94468455}.Debug|Any CPU.ActiveCfg = Debug|Any CPU
		{44382204-75D3-4C04-BCDB-D6AE94468455}.Debug|Any CPU.Build.0 = Debug|Any CPU
		{44382204-75D3-4C04-BCDB-D6AE94468455}.Release|Any CPU.ActiveCfg = Release|Any CPU
		{44382204-75D3-4C04-BCDB-D6AE94468455}.Release|Any CPU.Build.0 = Release|Any CPU
		{34199EBF-5DF1-4CF3-95A9-473BBC06E154}.Debug|Any CPU.ActiveCfg = Debug|Any CPU
		{34199EBF-5DF1-4CF3-95A9-473BBC06E154}.Debug|Any CPU.Build.0 = Debug|Any CPU
		{34199EBF-5DF1-4CF3-95A9-473BBC06E154}.Release|Any CPU.ActiveCfg = Release|Any CPU
		{34199EBF-5DF1-4CF3-95A9-473BBC06E154}.Release|Any CPU.Build.0 = Release|Any CPU
		{9C70E2AB-1B4D-466D-8182-2DA32E48017F}.Debug|Any CPU.ActiveCfg = Debug|Any CPU
		{9C70E2AB-1B4D-466D-8182-2DA32E48017F}.Debug|Any CPU.Build.0 = Debug|Any CPU
		{9C70E2AB-1B4D-466D-8182-2DA32E48017F}.Release|Any CPU.ActiveCfg = Release|Any CPU
		{9C70E2AB-1B4D-466D-8182-2DA32E48017F}.Release|Any CPU.Build.0 = Release|Any CPU
		{FD144072-1239-44BF-BE24-AD1A320C9061}.Debug|Any CPU.ActiveCfg = Debug|Any CPU
		{FD144072-1239-44BF-BE24-AD1A320C9061}.Debug|Any CPU.Build.0 = Debug|Any CPU
		{FD144072-1239-44BF-BE24-AD1A320C9061}.Release|Any CPU.ActiveCfg = Release|Any CPU
		{FD144072-1239-44BF-BE24-AD1A320C9061}.Release|Any CPU.Build.0 = Release|Any CPU
		{D7ACA852-CFE8-47D5-AFAB-509AFF1D01CC}.Debug|Any CPU.ActiveCfg = Debug|Any CPU
		{D7ACA852-CFE8-47D5-AFAB-509AFF1D01CC}.Debug|Any CPU.Build.0 = Debug|Any CPU
		{D7ACA852-CFE8-47D5-AFAB-509AFF1D01CC}.Release|Any CPU.ActiveCfg = Release|Any CPU
		{D7ACA852-CFE8-47D5-AFAB-509AFF1D01CC}.Release|Any CPU.Build.0 = Release|Any CPU
	EndGlobalSection
	GlobalSection(SolutionProperties) = preSolution
		HideSolutionNode = FALSE
	EndGlobalSection
	GlobalSection(NestedProjects) = preSolution
		{E20766A4-4984-4954-AF73-EB70321F89D2} = {4A9E8170-3C2F-402F-8EA6-9931D97A245E}
		{BC7DC443-B64E-432E-BB58-EBB2B6361DA2} = {4A9E8170-3C2F-402F-8EA6-9931D97A245E}
		{C2AC0A00-29A8-4939-B743-3C84956E915F} = {4A9E8170-3C2F-402F-8EA6-9931D97A245E}
		{58EA4DED-372F-4353-B96D-B2D1BCBB6F33} = {776BB0DF-2E11-408A-9E1F-C1497D835186}
		{E73DF667-540C-422D-9794-FFE9A819CC31} = {6DE73CED-303F-4E1B-B235-6B1570263136}
		{44382204-75D3-4C04-BCDB-D6AE94468455} = {CABA6CA3-E774-4551-9DFE-91FB83F85C9C}
		{34199EBF-5DF1-4CF3-95A9-473BBC06E154} = {CABA6CA3-E774-4551-9DFE-91FB83F85C9C}
		{9C70E2AB-1B4D-466D-8182-2DA32E48017F} = {3C532C97-E930-4BC5-B862-1FE00016EE27}
		{FD144072-1239-44BF-BE24-AD1A320C9061} = {4A9E8170-3C2F-402F-8EA6-9931D97A245E}
		{D7ACA852-CFE8-47D5-AFAB-509AFF1D01CC} = {EF3D81B0-AEDA-4317-9752-EB72E123E43A}
	EndGlobalSection
EndGlobal
